// !$*UTF8*$!
{
  archiveVersion = 1;
  classes = {};
  objectVersion = 55;
  objects = {

    // Project object
    A1B2C3D4001 = {
      isa = PBXProject;
      attributes = {
        LastUpgradeCheck = 1600;
        ORGANIZATIONNAME = "Babacom";
      };
      buildConfigurationList = A1B2C3D4005;
      compatibilityVersion = "Xcode 16.0";
      developmentRegion = en;
      hasScannedForEncodings = 0;
      mainGroup = A1B2C3D4002;
      targets = (
        A1B2C3D4010,
      );
    };

    // Main group
    A1B2C3D4002 = {
      isa = PBXGroup;
      children = (
        A1B2C3D4020,
      );
      sourceTree = "<group>";
    };

    // File reference (dummy source)
    A1B2C3D4020 = {
      isa = PBXFileReference;
      lastKnownFileType = sourcecode.swift;
      path = AppDelegate.swift;
      sourceTree = "<group>";
    };

    // Product reference
    A1B2C3D4050 = {
      isa = PBXFileReference;
      path = App.app;
      sourceTree = BUILT_PRODUCTS_DIR;
      explicitFileType = wrapper.application;
    };

    // App target
    A1B2C3D4010 = {
      isa = PBXNativeTarget;
      name = App;
      path = App.xcodeproj;
      buildConfigurationList = A1B2C3D4005;
      productType = "com.apple.product-type.application";
      productName = App;
      buildPhases = (
        A1B2C3D4100,
        A1B2C3D4101,
        A1B2C3D4102,
      );
      buildRules = ();
      dependencies = ();
      productReference = A1B2C3D4050;
    };

    // Build phases
    A1B2C3D4100 = {
      isa = PBXSourcesBuildPhase;
      files = ();
    };

    A1B2C3D4101 = {
      isa = PBXResourcesBuildPhase;
      files = ();
    };

    A1B2C3D4102 = {
      isa = PBXFrameworksBuildPhase;
      files = ();
    };

    // Build configuration list
    A1B2C3D4005 = {
      isa = XCConfigurationList;
      buildConfigurations = (
        A1B2C3D4300,
        A1B2C3D4301,
      );
    };

    // Debug configuration
    A1B2C3D4300 = {
      isa = XCBuildConfiguration;
      name = Debug;
      buildSettings = {
        DEVELOPMENT_TEAM = JR6427KL7J;
        PRODUCT_NAME = "$(TARGET_NAME)";
        PRODUCT_BUNDLE_IDENTIFIER = com.babacomdata.app;
        CODE_SIGN_STYLE = Automatic;
        SWIFT_VERSION = 5.0;
        IPHONEOS_DEPLOYMENT_TARGET = 14.0;
      };
    };

    // Release configuration
    A1B2C3D4301 = {
      isa = XCBuildConfiguration;
      name = Release;
      buildSettings = {
        DEVELOPMENT_TEAM = JR6427KL7J;
        PRODUCT_NAME = "$(TARGET_NAME)";
        PRODUCT_BUNDLE_IDENTIFIER = com.babacomdata.app;
        CODE_SIGN_STYLE = Automatic;
        CODE_SIGN_IDENTITY = "Apple Distribution";
        PROVISIONING_PROFILE_SPECIFIER = babacom-ios-profile;
        SWIFT_VERSION = 5.0;
        IPHONEOS_DEPLOYMENT_TARGET = 14.0;
      };
    };
  };
  rootObject = A1B2C3D4001;
}
