// !$*UTF8*$!
{
  archiveVersion = 1;
  classes = {};
  objectVersion = 55;
  objects = {

    A0000001 = {
      isa = PBXProject;
      buildConfigurationList = A0000010;
      compatibilityVersion = "Xcode 16.0";
      developmentRegion = en;
      hasScannedForEncodings = 0;
      mainGroup = A0000002;
      targets = (
        A0000020,
      );
    };

    A0000002 = {
      isa = PBXGroup;
      children = (
        A0000030,
      );
      sourceTree = "<group>";
    };

    A0000030 = {
      isa = PBXFileReference;
      lastKnownFileType = sourcecode.swift;
      path = AppDelegate.swift;
      sourceTree = "<group>";
    };

    A0000040 = {
      isa = PBXFileReference;
      path = App.app;
      sourceTree = BUILT_PRODUCTS_DIR;
      explicitFileType = wrapper.application;
    };

    A0000020 = {
      isa = PBXNativeTarget;
      name = App;
      buildConfigurationList = A0000010;
      productName = App;
      productType = "com.apple.product-type.application";
      productReference = A0000040;
      buildPhases = (
        A0000050,
        A0000051,
        A0000052,
      );
      buildRules = ();
      dependencies = ();
    };

    A0000050 = {
      isa = PBXSourcesBuildPhase;
      files = ();
    };
    A0000051 = {
      isa = PBXResourcesBuildPhase;
      files = ();
    };
    A0000052 = {
      isa = PBXFrameworksBuildPhase;
      files = ();
    };

    A0000010 = {
      isa = XCConfigurationList;
      buildConfigurations = (
        A0000060,
        A0000061,
      );
    };

    A0000060 = {
      isa = XCBuildConfiguration;
      name = Debug;
      buildSettings = {
        IPHONEOS_DEPLOYMENT_TARGET = 14.0;
        SWIFT_VERSION = 5.0;
        PRODUCT_NAME = "$(TARGET_NAME)";
        PRODUCT_BUNDLE_IDENTIFIER = com.babacomdata.app;
        CODE_SIGN_STYLE = Automatic;
        DEVELOPMENT_TEAM = JR6427KL7J;
      };
    };

    A0000061 = {
      isa = XCBuildConfiguration;
      name = Release;
      buildSettings = {
        IPHONEOS_DEPLOYMENT_TARGET = 14.0;
        SWIFT_VERSION = 5.0;
        PRODUCT_NAME = "$(TARGET_NAME)";
        PRODUCT_BUNDLE_IDENTIFIER = com.babacomdata.app;
        CODE_SIGN_STYLE = Automatic;
        CODE_SIGN_IDENTITY = "Apple Distribution";
        PROVISIONING_PROFILE_SPECIFIER = babacom-ios-profile;
        DEVELOPMENT_TEAM = JR6427KL7J;
      };
    };
  };
  rootObject = A0000001;
}
