// !$*UTF8*$!
{
  archiveVersion = 1;
  classes = {};
  objectVersion = 55;
  objects = {

    A1PROJ001 = {
      isa = PBXProject;
      buildConfigurationList = A1CONFIGLIST001;
      compatibilityVersion = "Xcode 16.0";
      developmentRegion = en;
      hasScannedForEncodings = 0;
      mainGroup = A1GROUP001;
      targets = (
        A1TARGET001,
      );
    };

    A1GROUP001 = {
      isa = PBXGroup;
      children = (
        A1FILE001,
      );
      sourceTree = "<group>";
    };

    A1FILE001 = {
      isa = PBXFileReference;
      lastKnownFileType = sourcecode.swift;
      path = AppDelegate.swift;
      sourceTree = "<group>";
    };

    A1PRODUCT001 = {
      isa = PBXFileReference;
      path = App.app;
      sourceTree = BUILT_PRODUCTS_DIR;
      explicitFileType = wrapper.application;
    };

    A1TARGET001 = {
      isa = PBXNativeTarget;
      name = App;
      buildConfigurationList = A1CONFIGLIST001;
      productName = App;
      productReference = A1PRODUCT001;
      productType = "com.apple.product-type.application";
      buildPhases = (
        A1PHASESRC001,
        A1PHASERES001,
        A1PHASEFWK001,
      );
      buildRules = ();
      dependencies = ();
    };

    A1PHASESRC001 = {
      isa = PBXSourcesBuildPhase;
      files = ();
    };

    A1PHASERES001 = {
      isa = PBXResourcesBuildPhase;
      files = ();
    };

    A1PHASEFWK001 = {
      isa = PBXFrameworksBuildPhase;
      files = ();
    };

    A1CONFIGLIST001 = {
      isa = XCConfigurationList;
      buildConfigurations = (
        A1CONFIGDEBUG001,
        A1CONFIGRELEASE001,
      );
      defaultConfigurationIsVisible = 0;
      defaultConfigurationName = Release;
    };

    A1CONFIGDEBUG001 = {
      isa = XCBuildConfiguration;
      name = Debug;
      buildSettings = {
        PRODUCT_NAME = "$(TARGET_NAME)";
        PRODUCT_BUNDLE_IDENTIFIER = com.babacomdata.app;
        IPHONEOS_DEPLOYMENT_TARGET = 14.0;
        SWIFT_VERSION = 5.0;
        CODE_SIGN_STYLE = Automatic;
        DEVELOPMENT_TEAM = JR6427KL7J;
        BUILD_DIR = build;
        CONFIGURATION_BUILD_DIR = "build/$(CONFIGURATION)";
      };
    };

    A1CONFIGRELEASE001 = {
      isa = XCBuildConfiguration;
      name = Release;
      buildSettings = {
        PRODUCT_NAME = "$(TARGET_NAME)";
        PRODUCT_BUNDLE_IDENTIFIER = com.babacomdata.app;
        IPHONEOS_DEPLOYMENT_TARGET = 14.0;
        SWIFT_VERSION = 5.0;
        CODE_SIGN_STYLE = Automatic;
        CODE_SIGN_IDENTITY = "Apple Distribution";
        PROVISIONING_PROFILE_SPECIFIER = babacom-ios-profile;
        DEVELOPMENT_TEAM = JR6427KL7J;
        BUILD_DIR = build;
        CONFIGURATION_BUILD_DIR = "build/$(CONFIGURATION)";
      };
    };
  };
  rootObject = A1PROJ001;
}
